
Microsoft Visual Studio Solution File, Format Version 12.00
# Visual Studio Version 17
VisualStudioVersion = 17.2.32616.157
MinimumVisualStudioVersion = 10.0.40219.1
Project("{888888A0-9F3D-457C-B088-3A5042F75D52}") = "Graphs", "Graphs\Graphs.pyproj", "{580E052B-05D7-4EDC-BEDC-1084E49432E5}"
EndProject
Global
	GlobalSection(SolutionConfigurationPlatforms) = preSolution
		Debug|Any CPU = Debug|Any CPU
		Release|Any CPU = Release|Any CPU
	EndGlobalSection
	GlobalSection(ProjectConfigurationPlatforms) = postSolution
		{580E052B-05D7-4EDC-BEDC-1084E49432E5}.Debug|Any CPU.ActiveCfg = Debug|Any CPU
		{580E052B-05D7-4EDC-BEDC-1084E49432E5}.Release|Any CPU.ActiveCfg = Release|Any CPU
	EndGlobalSection
	GlobalSection(SolutionProperties) = preSolution
		HideSolutionNode = FALSE
	EndGlobalSection
	GlobalSection(ExtensibilityGlobals) = postSolution
		SolutionGuid = {0401F3F2-FD18-499E-ADD2-14EA6F07AEF4}
	EndGlobalSection
EndGlobal
