
Microsoft Visual Studio Solution File, Format Version 12.00
# Visual Studio Version 17
VisualStudioVersion = 17.2.32616.157
MinimumVisualStudioVersion = 10.0.40219.1
Project("{888888A0-9F3D-457C-B088-3A5042F75D52}") = "Mult", "Mult\Mult.pyproj", "{3AAD57F8-32F7-40C7-80F4-F06D05CEEF0A}"
EndProject
Global
	GlobalSection(SolutionConfigurationPlatforms) = preSolution
		Debug|Any CPU = Debug|Any CPU
		Release|Any CPU = Release|Any CPU
	EndGlobalSection
	GlobalSection(ProjectConfigurationPlatforms) = postSolution
		{3AAD57F8-32F7-40C7-80F4-F06D05CEEF0A}.Debug|Any CPU.ActiveCfg = Debug|Any CPU
		{3AAD57F8-32F7-40C7-80F4-F06D05CEEF0A}.Release|Any CPU.ActiveCfg = Release|Any CPU
	EndGlobalSection
	GlobalSection(SolutionProperties) = preSolution
		HideSolutionNode = FALSE
	EndGlobalSection
	GlobalSection(ExtensibilityGlobals) = postSolution
		SolutionGuid = {831260A6-77EA-4A64-A828-415257927DB1}
	EndGlobalSection
EndGlobal
